
Microsoft Visual Studio Solution File, Format Version 12.00
# Visual Studio Version 17
VisualStudioVersion = 17.0.31912.275
MinimumVisualStudioVersion = 10.0.40219.1
Project("{888888A0-9F3D-457C-B088-3A5042F75D52}") = "Lb7.1", "Lb7.1.pyproj", "{459F5095-4E19-4684-AF36-A94E4EAABFC0}"
EndProject
Global
	GlobalSection(SolutionConfigurationPlatforms) = preSolution
		Debug|Any CPU = Debug|Any CPU
		Release|Any CPU = Release|Any CPU
	EndGlobalSection
	GlobalSection(ProjectConfigurationPlatforms) = postSolution
		{459F5095-4E19-4684-AF36-A94E4EAABFC0}.Debug|Any CPU.ActiveCfg = Debug|Any CPU
		{459F5095-4E19-4684-AF36-A94E4EAABFC0}.Release|Any CPU.ActiveCfg = Release|Any CPU
	EndGlobalSection
	GlobalSection(SolutionProperties) = preSolution
		HideSolutionNode = FALSE
	EndGlobalSection
	GlobalSection(ExtensibilityGlobals) = postSolution
		SolutionGuid = {A398BF50-6F62-4A39-A446-A1DC4145F48F}
	EndGlobalSection
EndGlobal
